// !$*UTF8*$!
{
	archiveVersion = 1;
	classes = {
	};
	objectVersion = 56;
	objects = {

/* Begin PBXBuildFile section */
		DE57E2832A89D73200BA4679 /* APIKey.swift in Sources */ = {isa = PBXBuildFile; fileRef = DE57E2822A89D73200BA4679 /* APIKey.swift */; };
		DE57E28B2A89EAC700BA4679 /* AsyncViewController.swift in Sources */ = {isa = PBXBuildFile; fileRef = DE57E28A2A89EAC700BA4679 /* AsyncViewController.swift */; };
		DE57E2932A89EE8900BA4679 /* EndPoint.swift in Sources */ = {isa = PBXBuildFile; fileRef = DE57E2922A89EE8900BA4679 /* EndPoint.swift */; };
		DE57E2952A89EEB400BA4679 /* URL+Extension.swift in Sources */ = {isa = PBXBuildFile; fileRef = DE57E2942A89EEB400BA4679 /* URL+Extension.swift */; };
		DE57E2972A89EED900BA4679 /* KakaoAPIManager.swift in Sources */ = {isa = PBXBuildFile; fileRef = DE57E2962A89EED900BA4679 /* KakaoAPIManager.swift */; };
		DE74072C2A81E7AC008CC62A /* VideoViewController.swift in Sources */ = {isa = PBXBuildFile; fileRef = DE74072B2A81E7AC008CC62A /* VideoViewController.swift */; };
		DE7407672A83230C008CC62A /* VideoTableViewCell.swift in Sources */ = {isa = PBXBuildFile; fileRef = DE7407662A83230C008CC62A /* VideoTableViewCell.swift */; };
		DE8262552A80967D006B6AF8 /* AppDelegate.swift in Sources */ = {isa = PBXBuildFile; fileRef = DE8262542A80967D006B6AF8 /* AppDelegate.swift */; };
		DE8262572A80967D006B6AF8 /* SceneDelegate.swift in Sources */ = {isa = PBXBuildFile; fileRef = DE8262562A80967D006B6AF8 /* SceneDelegate.swift */; };
		DE8262592A80967D006B6AF8 /* ViewController.swift in Sources */ = {isa = PBXBuildFile; fileRef = DE8262582A80967D006B6AF8 /* ViewController.swift */; };
		DE82625C2A80967D006B6AF8 /* Main.storyboard in Resources */ = {isa = PBXBuildFile; fileRef = DE82625A2A80967D006B6AF8 /* Main.storyboard */; };
		DE82625E2A80967F006B6AF8 /* Assets.xcassets in Resources */ = {isa = PBXBuildFile; fileRef = DE82625D2A80967F006B6AF8 /* Assets.xcassets */; };
		DE8262612A80967F006B6AF8 /* LaunchScreen.storyboard in Resources */ = {isa = PBXBuildFile; fileRef = DE82625F2A80967F006B6AF8 /* LaunchScreen.storyboard */; };
		DE82626A2A8096D0006B6AF8 /* Alamofire in Frameworks */ = {isa = PBXBuildFile; productRef = DE8262692A8096D0006B6AF8 /* Alamofire */; };
		DE82626D2A8096DE006B6AF8 /* SwiftyJSON in Frameworks */ = {isa = PBXBuildFile; productRef = DE82626C2A8096DE006B6AF8 /* SwiftyJSON */; };
		DE8262702A8096EB006B6AF8 /* Kingfisher in Frameworks */ = {isa = PBXBuildFile; productRef = DE82626F2A8096EB006B6AF8 /* Kingfisher */; };
		DE8262722A809BA5006B6AF8 /* .gitignore in Resources */ = {isa = PBXBuildFile; fileRef = DE8262712A809BA5006B6AF8 /* .gitignore */; };
		DE8262742A809C34006B6AF8 /* TranslationViewController.swift in Sources */ = {isa = PBXBuildFile; fileRef = DE8262732A809C34006B6AF8 /* TranslationViewController.swift */; };
		DE8262782A81C4E6006B6AF8 /* WeatherViewController.swift in Sources */ = {isa = PBXBuildFile; fileRef = DE8262772A81C4E6006B6AF8 /* WeatherViewController.swift */; };
		DEA9CD442A8A003E006BA1A4 /* ReusableProtocol.swift in Sources */ = {isa = PBXBuildFile; fileRef = DEA9CD432A8A003E006BA1A4 /* ReusableProtocol.swift */; };
		DEA9CD462A8A0255006BA1A4 /* BoxOfficeData.swift in Sources */ = {isa = PBXBuildFile; fileRef = DEA9CD452A8A0255006BA1A4 /* BoxOfficeData.swift */; };
		DEA9CD482A8A0C75006BA1A4 /* UserDefaultHelper.swift in Sources */ = {isa = PBXBuildFile; fileRef = DEA9CD472A8A0C75006BA1A4 /* UserDefaultHelper.swift */; };
		DEA9CD7F2A8D18E4006BA1A4 /* KakaoVideoData.swift in Sources */ = {isa = PBXBuildFile; fileRef = DEA9CD7E2A8D18E4006BA1A4 /* KakaoVideoData.swift */; };
/* End PBXBuildFile section */

/* Begin PBXFileReference section */
		DE57E2822A89D73200BA4679 /* APIKey.swift */ = {isa = PBXFileReference; lastKnownFileType = sourcecode.swift; path = APIKey.swift; sourceTree = "<group>"; };
		DE57E28A2A89EAC700BA4679 /* AsyncViewController.swift */ = {isa = PBXFileReference; lastKnownFileType = sourcecode.swift; path = AsyncViewController.swift; sourceTree = "<group>"; };
		DE57E2922A89EE8900BA4679 /* EndPoint.swift */ = {isa = PBXFileReference; lastKnownFileType = sourcecode.swift; path = EndPoint.swift; sourceTree = "<group>"; };
		DE57E2942A89EEB400BA4679 /* URL+Extension.swift */ = {isa = PBXFileReference; lastKnownFileType = sourcecode.swift; path = "URL+Extension.swift"; sourceTree = "<group>"; };
		DE57E2962A89EED900BA4679 /* KakaoAPIManager.swift */ = {isa = PBXFileReference; lastKnownFileType = sourcecode.swift; path = KakaoAPIManager.swift; sourceTree = "<group>"; };
		DE74072B2A81E7AC008CC62A /* VideoViewController.swift */ = {isa = PBXFileReference; lastKnownFileType = sourcecode.swift; path = VideoViewController.swift; sourceTree = "<group>"; };
		DE7407662A83230C008CC62A /* VideoTableViewCell.swift */ = {isa = PBXFileReference; lastKnownFileType = sourcecode.swift; path = VideoTableViewCell.swift; sourceTree = "<group>"; };
		DE8262512A80967D006B6AF8 /* SeSACWeek4.app */ = {isa = PBXFileReference; explicitFileType = wrapper.application; includeInIndex = 0; path = SeSACWeek4.app; sourceTree = BUILT_PRODUCTS_DIR; };
		DE8262542A80967D006B6AF8 /* AppDelegate.swift */ = {isa = PBXFileReference; lastKnownFileType = sourcecode.swift; path = AppDelegate.swift; sourceTree = "<group>"; };
		DE8262562A80967D006B6AF8 /* SceneDelegate.swift */ = {isa = PBXFileReference; lastKnownFileType = sourcecode.swift; path = SceneDelegate.swift; sourceTree = "<group>"; };
		DE8262582A80967D006B6AF8 /* ViewController.swift */ = {isa = PBXFileReference; lastKnownFileType = sourcecode.swift; path = ViewController.swift; sourceTree = "<group>"; };
		DE82625B2A80967D006B6AF8 /* Base */ = {isa = PBXFileReference; lastKnownFileType = file.storyboard; name = Base; path = Base.lproj/Main.storyboard; sourceTree = "<group>"; };
		DE82625D2A80967F006B6AF8 /* Assets.xcassets */ = {isa = PBXFileReference; lastKnownFileType = folder.assetcatalog; path = Assets.xcassets; sourceTree = "<group>"; };
		DE8262602A80967F006B6AF8 /* Base */ = {isa = PBXFileReference; lastKnownFileType = file.storyboard; name = Base; path = Base.lproj/LaunchScreen.storyboard; sourceTree = "<group>"; };
		DE8262622A80967F006B6AF8 /* Info.plist */ = {isa = PBXFileReference; lastKnownFileType = text.plist.xml; path = Info.plist; sourceTree = "<group>"; };
		DE8262712A809BA5006B6AF8 /* .gitignore */ = {isa = PBXFileReference; lastKnownFileType = text; path = .gitignore; sourceTree = "<group>"; };
		DE8262732A809C34006B6AF8 /* TranslationViewController.swift */ = {isa = PBXFileReference; lastKnownFileType = sourcecode.swift; path = TranslationViewController.swift; sourceTree = "<group>"; };
		DE8262772A81C4E6006B6AF8 /* WeatherViewController.swift */ = {isa = PBXFileReference; lastKnownFileType = sourcecode.swift; path = WeatherViewController.swift; sourceTree = "<group>"; };
		DEA9CD432A8A003E006BA1A4 /* ReusableProtocol.swift */ = {isa = PBXFileReference; lastKnownFileType = sourcecode.swift; path = ReusableProtocol.swift; sourceTree = "<group>"; };
		DEA9CD452A8A0255006BA1A4 /* BoxOfficeData.swift */ = {isa = PBXFileReference; lastKnownFileType = sourcecode.swift; path = BoxOfficeData.swift; sourceTree = "<group>"; };
		DEA9CD472A8A0C75006BA1A4 /* UserDefaultHelper.swift */ = {isa = PBXFileReference; lastKnownFileType = sourcecode.swift; path = UserDefaultHelper.swift; sourceTree = "<group>"; };
		DEA9CD7E2A8D18E4006BA1A4 /* KakaoVideoData.swift */ = {isa = PBXFileReference; lastKnownFileType = sourcecode.swift; path = KakaoVideoData.swift; sourceTree = "<group>"; };
/* End PBXFileReference section */

/* Begin PBXFrameworksBuildPhase section */
		DE82624E2A80967D006B6AF8 /* Frameworks */ = {
			isa = PBXFrameworksBuildPhase;
			buildActionMask = 2147483647;
			files = (
				DE8262702A8096EB006B6AF8 /* Kingfisher in Frameworks */,
				DE82626D2A8096DE006B6AF8 /* SwiftyJSON in Frameworks */,
				DE82626A2A8096D0006B6AF8 /* Alamofire in Frameworks */,
			);
			runOnlyForDeploymentPostprocessing = 0;
		};
/* End PBXFrameworksBuildPhase section */

/* Begin PBXGroup section */
		DE8262482A80967C006B6AF8 = {
			isa = PBXGroup;
			children = (
				DE8262532A80967D006B6AF8 /* SeSACWeek4 */,
				DE8262522A80967D006B6AF8 /* Products */,
			);
			sourceTree = "<group>";
		};
		DE8262522A80967D006B6AF8 /* Products */ = {
			isa = PBXGroup;
			children = (
				DE8262512A80967D006B6AF8 /* SeSACWeek4.app */,
			);
			name = Products;
			sourceTree = "<group>";
		};
		DE8262532A80967D006B6AF8 /* SeSACWeek4 */ = {
			isa = PBXGroup;
			children = (
				DE8262712A809BA5006B6AF8 /* .gitignore */,
				DE8262542A80967D006B6AF8 /* AppDelegate.swift */,
				DEA9CD472A8A0C75006BA1A4 /* UserDefaultHelper.swift */,
				DE8262562A80967D006B6AF8 /* SceneDelegate.swift */,
				DE8262582A80967D006B6AF8 /* ViewController.swift */,
				DE82625A2A80967D006B6AF8 /* Main.storyboard */,
				DE57E28A2A89EAC700BA4679 /* AsyncViewController.swift */,
				DE7407662A83230C008CC62A /* VideoTableViewCell.swift */,
				DE74072B2A81E7AC008CC62A /* VideoViewController.swift */,
				DE8262772A81C4E6006B6AF8 /* WeatherViewController.swift */,
				DE82625D2A80967F006B6AF8 /* Assets.xcassets */,
				DE82625F2A80967F006B6AF8 /* LaunchScreen.storyboard */,
				DE8262622A80967F006B6AF8 /* Info.plist */,
				DE8262732A809C34006B6AF8 /* TranslationViewController.swift */,
				DE57E2822A89D73200BA4679 /* APIKey.swift */,
				DE57E2922A89EE8900BA4679 /* EndPoint.swift */,
				DEA9CD432A8A003E006BA1A4 /* ReusableProtocol.swift */,
				DE57E2942A89EEB400BA4679 /* URL+Extension.swift */,
				DE57E2962A89EED900BA4679 /* KakaoAPIManager.swift */,
				DEA9CD452A8A0255006BA1A4 /* BoxOfficeData.swift */,
				DEA9CD7E2A8D18E4006BA1A4 /* KakaoVideoData.swift */,
			);
			path = SeSACWeek4;
			sourceTree = "<group>";
		};
/* End PBXGroup section */

/* Begin PBXNativeTarget section */
		DE8262502A80967D006B6AF8 /* SeSACWeek4 */ = {
			isa = PBXNativeTarget;
			buildConfigurationList = DE8262652A80967F006B6AF8 /* Build configuration list for PBXNativeTarget "SeSACWeek4" */;
			buildPhases = (
				DE82624D2A80967D006B6AF8 /* Sources */,
				DE82624E2A80967D006B6AF8 /* Frameworks */,
				DE82624F2A80967D006B6AF8 /* Resources */,
			);
			buildRules = (
			);
			dependencies = (
			);
			name = SeSACWeek4;
			packageProductDependencies = (
				DE8262692A8096D0006B6AF8 /* Alamofire */,
				DE82626C2A8096DE006B6AF8 /* SwiftyJSON */,
				DE82626F2A8096EB006B6AF8 /* Kingfisher */,
			);
			productName = SeSACWeek4;
			productReference = DE8262512A80967D006B6AF8 /* SeSACWeek4.app */;
			productType = "com.apple.product-type.application";
		};
/* End PBXNativeTarget section */

/* Begin PBXProject section */
		DE8262492A80967C006B6AF8 /* Project object */ = {
			isa = PBXProject;
			attributes = {
				BuildIndependentTargetsInParallel = 1;
				LastSwiftUpdateCheck = 1430;
				LastUpgradeCheck = 1430;
				TargetAttributes = {
					DE8262502A80967D006B6AF8 = {
						CreatedOnToolsVersion = 14.3.1;
					};
				};
			};
			buildConfigurationList = DE82624C2A80967C006B6AF8 /* Build configuration list for PBXProject "SeSACWeek4" */;
			compatibilityVersion = "Xcode 14.0";
			developmentRegion = en;
			hasScannedForEncodings = 0;
			knownRegions = (
				en,
				Base,
			);
			mainGroup = DE8262482A80967C006B6AF8;
			packageReferences = (
				DE8262682A8096D0006B6AF8 /* XCRemoteSwiftPackageReference "Alamofire" */,
				DE82626B2A8096DE006B6AF8 /* XCRemoteSwiftPackageReference "SwiftyJSON" */,
				DE82626E2A8096EB006B6AF8 /* XCRemoteSwiftPackageReference "Kingfisher" */,
			);
			productRefGroup = DE8262522A80967D006B6AF8 /* Products */;
			projectDirPath = "";
			projectRoot = "";
			targets = (
				DE8262502A80967D006B6AF8 /* SeSACWeek4 */,
			);
		};
/* End PBXProject section */

/* Begin PBXResourcesBuildPhase section */
		DE82624F2A80967D006B6AF8 /* Resources */ = {
			isa = PBXResourcesBuildPhase;
			buildActionMask = 2147483647;
			files = (
				DE8262722A809BA5006B6AF8 /* .gitignore in Resources */,
				DE8262612A80967F006B6AF8 /* LaunchScreen.storyboard in Resources */,
				DE82625E2A80967F006B6AF8 /* Assets.xcassets in Resources */,
				DE82625C2A80967D006B6AF8 /* Main.storyboard in Resources */,
			);
			runOnlyForDeploymentPostprocessing = 0;
		};
/* End PBXResourcesBuildPhase section */

/* Begin PBXSourcesBuildPhase section */
		DE82624D2A80967D006B6AF8 /* Sources */ = {
			isa = PBXSourcesBuildPhase;
			buildActionMask = 2147483647;
			files = (
				DE8262742A809C34006B6AF8 /* TranslationViewController.swift in Sources */,
				DEA9CD482A8A0C75006BA1A4 /* UserDefaultHelper.swift in Sources */,
				DE74072C2A81E7AC008CC62A /* VideoViewController.swift in Sources */,
				DE57E2932A89EE8900BA4679 /* EndPoint.swift in Sources */,
				DEA9CD442A8A003E006BA1A4 /* ReusableProtocol.swift in Sources */,
				DE57E2952A89EEB400BA4679 /* URL+Extension.swift in Sources */,
				DE57E2832A89D73200BA4679 /* APIKey.swift in Sources */,
				DEA9CD7F2A8D18E4006BA1A4 /* KakaoVideoData.swift in Sources */,
				DE57E28B2A89EAC700BA4679 /* AsyncViewController.swift in Sources */,
				DE8262782A81C4E6006B6AF8 /* WeatherViewController.swift in Sources */,
				DE8262592A80967D006B6AF8 /* ViewController.swift in Sources */,
				DEA9CD462A8A0255006BA1A4 /* BoxOfficeData.swift in Sources */,
				DE57E2972A89EED900BA4679 /* KakaoAPIManager.swift in Sources */,
				DE8262552A80967D006B6AF8 /* AppDelegate.swift in Sources */,
				DE7407672A83230C008CC62A /* VideoTableViewCell.swift in Sources */,
				DE8262572A80967D006B6AF8 /* SceneDelegate.swift in Sources */,
			);
			runOnlyForDeploymentPostprocessing = 0;
		};
/* End PBXSourcesBuildPhase section */

/* Begin PBXVariantGroup section */
		DE82625A2A80967D006B6AF8 /* Main.storyboard */ = {
			isa = PBXVariantGroup;
			children = (
				DE82625B2A80967D006B6AF8 /* Base */,
			);
			name = Main.storyboard;
			sourceTree = "<group>";
		};
		DE82625F2A80967F006B6AF8 /* LaunchScreen.storyboard */ = {
			isa = PBXVariantGroup;
			children = (
				DE8262602A80967F006B6AF8 /* Base */,
			);
			name = LaunchScreen.storyboard;
			sourceTree = "<group>";
		};
/* End PBXVariantGroup section */

/* Begin XCBuildConfiguration section */
		DE8262632A80967F006B6AF8 /* Debug */ = {
			isa = XCBuildConfiguration;
			buildSettings = {
				ALWAYS_SEARCH_USER_PATHS = NO;
				CLANG_ANALYZER_NONNULL = YES;
				CLANG_ANALYZER_NUMBER_OBJECT_CONVERSION = YES_AGGRESSIVE;
				CLANG_CXX_LANGUAGE_STANDARD = "gnu++20";
				CLANG_ENABLE_MODULES = YES;
				CLANG_ENABLE_OBJC_ARC = YES;
				CLANG_ENABLE_OBJC_WEAK = YES;
				CLANG_WARN_BLOCK_CAPTURE_AUTORELEASING = YES;
				CLANG_WARN_BOOL_CONVERSION = YES;
				CLANG_WARN_COMMA = YES;
				CLANG_WARN_CONSTANT_CONVERSION = YES;
				CLANG_WARN_DEPRECATED_OBJC_IMPLEMENTATIONS = YES;
				CLANG_WARN_DIRECT_OBJC_ISA_USAGE = YES_ERROR;
				CLANG_WARN_DOCUMENTATION_COMMENTS = YES;
				CLANG_WARN_EMPTY_BODY = YES;
				CLANG_WARN_ENUM_CONVERSION = YES;
				CLANG_WARN_INFINITE_RECURSION = YES;
				CLANG_WARN_INT_CONVERSION = YES;
				CLANG_WARN_NON_LITERAL_NULL_CONVERSION = YES;
				CLANG_WARN_OBJC_IMPLICIT_RETAIN_SELF = YES;
				CLANG_WARN_OBJC_LITERAL_CONVERSION = YES;
				CLANG_WARN_OBJC_ROOT_CLASS = YES_ERROR;
				CLANG_WARN_QUOTED_INCLUDE_IN_FRAMEWORK_HEADER = YES;
				CLANG_WARN_RANGE_LOOP_ANALYSIS = YES;
				CLANG_WARN_STRICT_PROTOTYPES = YES;
				CLANG_WARN_SUSPICIOUS_MOVE = YES;
				CLANG_WARN_UNGUARDED_AVAILABILITY = YES_AGGRESSIVE;
				CLANG_WARN_UNREACHABLE_CODE = YES;
				CLANG_WARN__DUPLICATE_METHOD_MATCH = YES;
				COPY_PHASE_STRIP = NO;
				DEBUG_INFORMATION_FORMAT = dwarf;
				ENABLE_STRICT_OBJC_MSGSEND = YES;
				ENABLE_TESTABILITY = YES;
				GCC_C_LANGUAGE_STANDARD = gnu11;
				GCC_DYNAMIC_NO_PIC = NO;
				GCC_NO_COMMON_BLOCKS = YES;
				GCC_OPTIMIZATION_LEVEL = 0;
				GCC_PREPROCESSOR_DEFINITIONS = (
					"DEBUG=1",
					"$(inherited)",
				);
				GCC_WARN_64_TO_32_BIT_CONVERSION = YES;
				GCC_WARN_ABOUT_RETURN_TYPE = YES_ERROR;
				GCC_WARN_UNDECLARED_SELECTOR = YES;
				GCC_WARN_UNINITIALIZED_AUTOS = YES_AGGRESSIVE;
				GCC_WARN_UNUSED_FUNCTION = YES;
				GCC_WARN_UNUSED_VARIABLE = YES;
				IPHONEOS_DEPLOYMENT_TARGET = 16.4;
				MTL_ENABLE_DEBUG_INFO = INCLUDE_SOURCE;
				MTL_FAST_MATH = YES;
				ONLY_ACTIVE_ARCH = YES;
				SDKROOT = iphoneos;
				SWIFT_ACTIVE_COMPILATION_CONDITIONS = DEBUG;
				SWIFT_OPTIMIZATION_LEVEL = "-Onone";
			};
			name = Debug;
		};
		DE8262642A80967F006B6AF8 /* Release */ = {
			isa = XCBuildConfiguration;
			buildSettings = {
				ALWAYS_SEARCH_USER_PATHS = NO;
				CLANG_ANALYZER_NONNULL = YES;
				CLANG_ANALYZER_NUMBER_OBJECT_CONVERSION = YES_AGGRESSIVE;
				CLANG_CXX_LANGUAGE_STANDARD = "gnu++20";
				CLANG_ENABLE_MODULES = YES;
				CLANG_ENABLE_OBJC_ARC = YES;
				CLANG_ENABLE_OBJC_WEAK = YES;
				CLANG_WARN_BLOCK_CAPTURE_AUTORELEASING = YES;
				CLANG_WARN_BOOL_CONVERSION = YES;
				CLANG_WARN_COMMA = YES;
				CLANG_WARN_CONSTANT_CONVERSION = YES;
				CLANG_WARN_DEPRECATED_OBJC_IMPLEMENTATIONS = YES;
				CLANG_WARN_DIRECT_OBJC_ISA_USAGE = YES_ERROR;
				CLANG_WARN_DOCUMENTATION_COMMENTS = YES;
				CLANG_WARN_EMPTY_BODY = YES;
				CLANG_WARN_ENUM_CONVERSION = YES;
				CLANG_WARN_INFINITE_RECURSION = YES;
				CLANG_WARN_INT_CONVERSION = YES;
				CLANG_WARN_NON_LITERAL_NULL_CONVERSION = YES;
				CLANG_WARN_OBJC_IMPLICIT_RETAIN_SELF = YES;
				CLANG_WARN_OBJC_LITERAL_CONVERSION = YES;
				CLANG_WARN_OBJC_ROOT_CLASS = YES_ERROR;
				CLANG_WARN_QUOTED_INCLUDE_IN_FRAMEWORK_HEADER = YES;
				CLANG_WARN_RANGE_LOOP_ANALYSIS = YES;
				CLANG_WARN_STRICT_PROTOTYPES = YES;
				CLANG_WARN_SUSPICIOUS_MOVE = YES;
				CLANG_WARN_UNGUARDED_AVAILABILITY = YES_AGGRESSIVE;
				CLANG_WARN_UNREACHABLE_CODE = YES;
				CLANG_WARN__DUPLICATE_METHOD_MATCH = YES;
				COPY_PHASE_STRIP = NO;
				DEBUG_INFORMATION_FORMAT = "dwarf-with-dsym";
				ENABLE_NS_ASSERTIONS = NO;
				ENABLE_STRICT_OBJC_MSGSEND = YES;
				GCC_C_LANGUAGE_STANDARD = gnu11;
				GCC_NO_COMMON_BLOCKS = YES;
				GCC_WARN_64_TO_32_BIT_CONVERSION = YES;
				GCC_WARN_ABOUT_RETURN_TYPE = YES_ERROR;
				GCC_WARN_UNDECLARED_SELECTOR = YES;
				GCC_WARN_UNINITIALIZED_AUTOS = YES_AGGRESSIVE;
				GCC_WARN_UNUSED_FUNCTION = YES;
				GCC_WARN_UNUSED_VARIABLE = YES;
				IPHONEOS_DEPLOYMENT_TARGET = 16.4;
				MTL_ENABLE_DEBUG_INFO = NO;
				MTL_FAST_MATH = YES;
				SDKROOT = iphoneos;
				SWIFT_COMPILATION_MODE = wholemodule;
				SWIFT_OPTIMIZATION_LEVEL = "-O";
				VALIDATE_PRODUCT = YES;
			};
			name = Release;
		};
		DE8262662A80967F006B6AF8 /* Debug */ = {
			isa = XCBuildConfiguration;
			buildSettings = {
				ASSETCATALOG_COMPILER_APPICON_NAME = AppIcon;
				ASSETCATALOG_COMPILER_GLOBAL_ACCENT_COLOR_NAME = AccentColor;
				CODE_SIGN_STYLE = Automatic;
				CURRENT_PROJECT_VERSION = 1;
				DEVELOPMENT_TEAM = AYG8MBJF93;
				GENERATE_INFOPLIST_FILE = YES;
				INFOPLIST_FILE = SeSACWeek4/Info.plist;
				INFOPLIST_KEY_UIApplicationSupportsIndirectInputEvents = YES;
				INFOPLIST_KEY_UILaunchStoryboardName = LaunchScreen;
				INFOPLIST_KEY_UIMainStoryboardFile = Main;
				INFOPLIST_KEY_UISupportedInterfaceOrientations_iPad = "UIInterfaceOrientationPortrait UIInterfaceOrientationPortraitUpsideDown UIInterfaceOrientationLandscapeLeft UIInterfaceOrientationLandscapeRight";
				INFOPLIST_KEY_UISupportedInterfaceOrientations_iPhone = "UIInterfaceOrientationPortrait UIInterfaceOrientationLandscapeLeft UIInterfaceOrientationLandscapeRight";
				LD_RUNPATH_SEARCH_PATHS = (
					"$(inherited)",
					"@executable_path/Frameworks",
				);
				MARKETING_VERSION = 1.0;
				PRODUCT_BUNDLE_IDENTIFIER = "ILWAT-com.github.SeSACWeek4";
				PRODUCT_NAME = "$(TARGET_NAME)";
				SWIFT_EMIT_LOC_STRINGS = YES;
				SWIFT_VERSION = 5.0;
				TARGETED_DEVICE_FAMILY = "1,2";
			};
			name = Debug;
		};
		DE8262672A80967F006B6AF8 /* Release */ = {
			isa = XCBuildConfiguration;
			buildSettings = {
				ASSETCATALOG_COMPILER_APPICON_NAME = AppIcon;
				ASSETCATALOG_COMPILER_GLOBAL_ACCENT_COLOR_NAME = AccentColor;
				CODE_SIGN_STYLE = Automatic;
				CURRENT_PROJECT_VERSION = 1;
				DEVELOPMENT_TEAM = AYG8MBJF93;
				GENERATE_INFOPLIST_FILE = YES;
				INFOPLIST_FILE = SeSACWeek4/Info.plist;
				INFOPLIST_KEY_UIApplicationSupportsIndirectInputEvents = YES;
				INFOPLIST_KEY_UILaunchStoryboardName = LaunchScreen;
				INFOPLIST_KEY_UIMainStoryboardFile = Main;
				INFOPLIST_KEY_UISupportedInterfaceOrientations_iPad = "UIInterfaceOrientationPortrait UIInterfaceOrientationPortraitUpsideDown UIInterfaceOrientationLandscapeLeft UIInterfaceOrientationLandscapeRight";
				INFOPLIST_KEY_UISupportedInterfaceOrientations_iPhone = "UIInterfaceOrientationPortrait UIInterfaceOrientationLandscapeLeft UIInterfaceOrientationLandscapeRight";
				LD_RUNPATH_SEARCH_PATHS = (
					"$(inherited)",
					"@executable_path/Frameworks",
				);
				MARKETING_VERSION = 1.0;
				PRODUCT_BUNDLE_IDENTIFIER = "ILWAT-com.github.SeSACWeek4";
				PRODUCT_NAME = "$(TARGET_NAME)";
				SWIFT_EMIT_LOC_STRINGS = YES;
				SWIFT_VERSION = 5.0;
				TARGETED_DEVICE_FAMILY = "1,2";
			};
			name = Release;
		};
/* End XCBuildConfiguration section */

/* Begin XCConfigurationList section */
		DE82624C2A80967C006B6AF8 /* Build configuration list for PBXProject "SeSACWeek4" */ = {
			isa = XCConfigurationList;
			buildConfigurations = (
				DE8262632A80967F006B6AF8 /* Debug */,
				DE8262642A80967F006B6AF8 /* Release */,
			);
			defaultConfigurationIsVisible = 0;
			defaultConfigurationName = Release;
		};
		DE8262652A80967F006B6AF8 /* Build configuration list for PBXNativeTarget "SeSACWeek4" */ = {
			isa = XCConfigurationList;
			buildConfigurations = (
				DE8262662A80967F006B6AF8 /* Debug */,
				DE8262672A80967F006B6AF8 /* Release */,
			);
			defaultConfigurationIsVisible = 0;
			defaultConfigurationName = Release;
		};
/* End XCConfigurationList section */

/* Begin XCRemoteSwiftPackageReference section */
		DE8262682A8096D0006B6AF8 /* XCRemoteSwiftPackageReference "Alamofire" */ = {
			isa = XCRemoteSwiftPackageReference;
			repositoryURL = "https://github.com/Alamofire/Alamofire";
			requirement = {
				kind = upToNextMajorVersion;
				minimumVersion = 5.0.0;
			};
		};
		DE82626B2A8096DE006B6AF8 /* XCRemoteSwiftPackageReference "SwiftyJSON" */ = {
			isa = XCRemoteSwiftPackageReference;
			repositoryURL = "https://github.com/SwiftyJSON/SwiftyJSON.git";
			requirement = {
				kind = upToNextMajorVersion;
				minimumVersion = 5.0.0;
			};
		};
		DE82626E2A8096EB006B6AF8 /* XCRemoteSwiftPackageReference "Kingfisher" */ = {
			isa = XCRemoteSwiftPackageReference;
			repositoryURL = "https://github.com/onevcat/Kingfisher";
			requirement = {
				kind = upToNextMajorVersion;
				minimumVersion = 7.0.0;
			};
		};
/* End XCRemoteSwiftPackageReference section */

/* Begin XCSwiftPackageProductDependency section */
		DE8262692A8096D0006B6AF8 /* Alamofire */ = {
			isa = XCSwiftPackageProductDependency;
			package = DE8262682A8096D0006B6AF8 /* XCRemoteSwiftPackageReference "Alamofire" */;
			productName = Alamofire;
		};
		DE82626C2A8096DE006B6AF8 /* SwiftyJSON */ = {
			isa = XCSwiftPackageProductDependency;
			package = DE82626B2A8096DE006B6AF8 /* XCRemoteSwiftPackageReference "SwiftyJSON" */;
			productName = SwiftyJSON;
		};
		DE82626F2A8096EB006B6AF8 /* Kingfisher */ = {
			isa = XCSwiftPackageProductDependency;
			package = DE82626E2A8096EB006B6AF8 /* XCRemoteSwiftPackageReference "Kingfisher" */;
			productName = Kingfisher;
		};
/* End XCSwiftPackageProductDependency section */
	};
	rootObject = DE8262492A80967C006B6AF8 /* Project object */;
}
